
Microsoft Visual Studio Solution File, Format Version 12.00
# Visual Studio Version 17
VisualStudioVersion = 17.4.33213.308
MinimumVisualStudioVersion = 10.0.40219.1
Project("{FAE04EC0-301F-11D3-BF4B-00C04F79EFBC}") = "WheatherForecastConsole", "WheatherForecastConsole.csproj", "{8E723F3A-C6C2-4FC0-BDF2-17F48DDB5879}"
EndProject
Global
	GlobalSection(SolutionConfigurationPlatforms) = preSolution
		Debug|Any CPU = Debug|Any CPU
		Release|Any CPU = Release|Any CPU
	EndGlobalSection
	GlobalSection(ProjectConfigurationPlatforms) = postSolution
		{8E723F3A-C6C2-4FC0-BDF2-17F48DDB5879}.Debug|Any CPU.ActiveCfg = Debug|Any CPU
		{8E723F3A-C6C2-4FC0-BDF2-17F48DDB5879}.Debug|Any CPU.Build.0 = Debug|Any CPU
		{8E723F3A-C6C2-4FC0-BDF2-17F48DDB5879}.Release|Any CPU.ActiveCfg = Release|Any CPU
		{8E723F3A-C6C2-4FC0-BDF2-17F48DDB5879}.Release|Any CPU.Build.0 = Release|Any CPU
	EndGlobalSection
	GlobalSection(SolutionProperties) = preSolution
		HideSolutionNode = FALSE
	EndGlobalSection
	GlobalSection(ExtensibilityGlobals) = postSolution
		SolutionGuid = {97933F2A-1DC0-479B-BE7D-B70C200A900C}
	EndGlobalSection
EndGlobal
